// !$*UTF8*$!
{
	archiveVersion = 1;
	classes = {
	};
	objectVersion = 46;
	objects = {

/* Begin PBXBuildFile section */
		6BE6F99E581F4CCB911D97F0 /* libPods.a in Frameworks */ = {isa = PBXBuildFile; fileRef = C0FE817F20454106B7BD1955 /* libPods.a */; };
		7A63193318120FBD000AEB43 /* Foundation.framework in Frameworks */ = {isa = PBXBuildFile; fileRef = 7A63193218120FBD000AEB43 /* Foundation.framework */; };
		7A63193518120FBD000AEB43 /* CoreGraphics.framework in Frameworks */ = {isa = PBXBuildFile; fileRef = 7A63193418120FBD000AEB43 /* CoreGraphics.framework */; };
		7A63193718120FBD000AEB43 /* UIKit.framework in Frameworks */ = {isa = PBXBuildFile; fileRef = 7A63193618120FBD000AEB43 /* UIKit.framework */; };
		7A63193D18120FBD000AEB43 /* InfoPlist.strings in Resources */ = {isa = PBXBuildFile; fileRef = 7A63193B18120FBD000AEB43 /* InfoPlist.strings */; };
		7A63193F18120FBD000AEB43 /* main.m in Sources */ = {isa = PBXBuildFile; fileRef = 7A63193E18120FBD000AEB43 /* main.m */; };
		7A63194318120FBD000AEB43 /* NOIAppDelegate.m in Sources */ = {isa = PBXBuildFile; fileRef = 7A63194218120FBD000AEB43 /* NOIAppDelegate.m */; };
		7A63194618120FBD000AEB43 /* Main_iPhone.storyboard in Resources */ = {isa = PBXBuildFile; fileRef = 7A63194418120FBD000AEB43 /* Main_iPhone.storyboard */; };
		7A63194918120FBD000AEB43 /* Main_iPad.storyboard in Resources */ = {isa = PBXBuildFile; fileRef = 7A63194718120FBD000AEB43 /* Main_iPad.storyboard */; };
		7A63194C18120FBD000AEB43 /* NOIViewController.m in Sources */ = {isa = PBXBuildFile; fileRef = 7A63194B18120FBD000AEB43 /* NOIViewController.m */; };
		7A63194E18120FBD000AEB43 /* Images.xcassets in Resources */ = {isa = PBXBuildFile; fileRef = 7A63194D18120FBD000AEB43 /* Images.xcassets */; };
		7A63195518120FBD000AEB43 /* XCTest.framework in Frameworks */ = {isa = PBXBuildFile; fileRef = 7A63195418120FBD000AEB43 /* XCTest.framework */; };
		7A63195618120FBD000AEB43 /* Foundation.framework in Frameworks */ = {isa = PBXBuildFile; fileRef = 7A63193218120FBD000AEB43 /* Foundation.framework */; };
		7A63195718120FBD000AEB43 /* UIKit.framework in Frameworks */ = {isa = PBXBuildFile; fileRef = 7A63193618120FBD000AEB43 /* UIKit.framework */; };
		7A63195F18120FBD000AEB43 /* InfoPlist.strings in Resources */ = {isa = PBXBuildFile; fileRef = 7A63195D18120FBD000AEB43 /* InfoPlist.strings */; };
		7A63196118120FBD000AEB43 /* BUHTests.m in Sources */ = {isa = PBXBuildFile; fileRef = 7A63196018120FBD000AEB43 /* BUHTests.m */; };
		7A9D080D181212C5008AAC60 /* NOINetworkingManager.m in Sources */ = {isa = PBXBuildFile; fileRef = 7A9D080C181212C5008AAC60 /* NOINetworkingManager.m */; };
		7A9D08111812152A008AAC60 /* NOITouchView.m in Sources */ = {isa = PBXBuildFile; fileRef = 7A9D08101812152A008AAC60 /* NOITouchView.m */; };
		7AD52E41181227A0005E40C2 /* particle.png in Resources */ = {isa = PBXBuildFile; fileRef = 7AD52E40181227A0005E40C2 /* particle.png */; };
		7AD52E441812402C005E40C2 /* NOIUserViewController.m in Sources */ = {isa = PBXBuildFile; fileRef = 7AD52E431812402C005E40C2 /* NOIUserViewController.m */; };
		7AD52E4818125663005E40C2 /* NOIRemoteSynth.m in Sources */ = {isa = PBXBuildFile; fileRef = 7AD52E4718125663005E40C2 /* NOIRemoteSynth.m */; };
		7AD52E4B1812679F005E40C2 /* NOIEmitterView.m in Sources */ = {isa = PBXBuildFile; fileRef = 7AD52E4A1812679F005E40C2 /* NOIEmitterView.m */; };
/* End PBXBuildFile section */

/* Begin PBXContainerItemProxy section */
		7A63195818120FBD000AEB43 /* PBXContainerItemProxy */ = {
			isa = PBXContainerItemProxy;
			containerPortal = 7A63192718120FBD000AEB43 /* Project object */;
			proxyType = 1;
			remoteGlobalIDString = 7A63192E18120FBD000AEB43;
			remoteInfo = BUH;
		};
/* End PBXContainerItemProxy section */

/* Begin PBXFileReference section */
		7A63192F18120FBD000AEB43 /* BUH.app */ = {isa = PBXFileReference; explicitFileType = wrapper.application; includeInIndex = 0; path = BUH.app; sourceTree = BUILT_PRODUCTS_DIR; };
		7A63193218120FBD000AEB43 /* Foundation.framework */ = {isa = PBXFileReference; lastKnownFileType = wrapper.framework; name = Foundation.framework; path = System/Library/Frameworks/Foundation.framework; sourceTree = SDKROOT; };
		7A63193418120FBD000AEB43 /* CoreGraphics.framework */ = {isa = PBXFileReference; lastKnownFileType = wrapper.framework; name = CoreGraphics.framework; path = System/Library/Frameworks/CoreGraphics.framework; sourceTree = SDKROOT; };
		7A63193618120FBD000AEB43 /* UIKit.framework */ = {isa = PBXFileReference; lastKnownFileType = wrapper.framework; name = UIKit.framework; path = System/Library/Frameworks/UIKit.framework; sourceTree = SDKROOT; };
		7A63193A18120FBD000AEB43 /* BUH-Info.plist */ = {isa = PBXFileReference; lastKnownFileType = text.plist.xml; path = "BUH-Info.plist"; sourceTree = "<group>"; };
		7A63193C18120FBD000AEB43 /* en */ = {isa = PBXFileReference; lastKnownFileType = text.plist.strings; name = en; path = en.lproj/InfoPlist.strings; sourceTree = "<group>"; };
		7A63193E18120FBD000AEB43 /* main.m */ = {isa = PBXFileReference; lastKnownFileType = sourcecode.c.objc; path = main.m; sourceTree = "<group>"; };
		7A63194018120FBD000AEB43 /* BUH-Prefix.pch */ = {isa = PBXFileReference; lastKnownFileType = sourcecode.c.h; path = "BUH-Prefix.pch"; sourceTree = "<group>"; };
		7A63194118120FBD000AEB43 /* NOIAppDelegate.h */ = {isa = PBXFileReference; lastKnownFileType = sourcecode.c.h; path = NOIAppDelegate.h; sourceTree = "<group>"; };
		7A63194218120FBD000AEB43 /* NOIAppDelegate.m */ = {isa = PBXFileReference; lastKnownFileType = sourcecode.c.objc; path = NOIAppDelegate.m; sourceTree = "<group>"; };
		7A63194518120FBD000AEB43 /* Base */ = {isa = PBXFileReference; lastKnownFileType = file.storyboard; name = Base; path = Base.lproj/Main_iPhone.storyboard; sourceTree = "<group>"; };
		7A63194818120FBD000AEB43 /* Base */ = {isa = PBXFileReference; lastKnownFileType = file.storyboard; name = Base; path = Base.lproj/Main_iPad.storyboard; sourceTree = "<group>"; };
		7A63194A18120FBD000AEB43 /* NOIViewController.h */ = {isa = PBXFileReference; lastKnownFileType = sourcecode.c.h; path = NOIViewController.h; sourceTree = "<group>"; };
		7A63194B18120FBD000AEB43 /* NOIViewController.m */ = {isa = PBXFileReference; lastKnownFileType = sourcecode.c.objc; path = NOIViewController.m; sourceTree = "<group>"; };
		7A63194D18120FBD000AEB43 /* Images.xcassets */ = {isa = PBXFileReference; lastKnownFileType = folder.assetcatalog; path = Images.xcassets; sourceTree = "<group>"; };
		7A63195318120FBD000AEB43 /* BUHTests.xctest */ = {isa = PBXFileReference; explicitFileType = wrapper.cfbundle; includeInIndex = 0; path = BUHTests.xctest; sourceTree = BUILT_PRODUCTS_DIR; };
		7A63195418120FBD000AEB43 /* XCTest.framework */ = {isa = PBXFileReference; lastKnownFileType = wrapper.framework; name = XCTest.framework; path = Library/Frameworks/XCTest.framework; sourceTree = DEVELOPER_DIR; };
		7A63195C18120FBD000AEB43 /* BUHTests-Info.plist */ = {isa = PBXFileReference; lastKnownFileType = text.plist.xml; path = "BUHTests-Info.plist"; sourceTree = "<group>"; };
		7A63195E18120FBD000AEB43 /* en */ = {isa = PBXFileReference; lastKnownFileType = text.plist.strings; name = en; path = en.lproj/InfoPlist.strings; sourceTree = "<group>"; };
		7A63196018120FBD000AEB43 /* BUHTests.m */ = {isa = PBXFileReference; lastKnownFileType = sourcecode.c.objc; path = BUHTests.m; sourceTree = "<group>"; };
		7A9D080B181212C5008AAC60 /* NOINetworkingManager.h */ = {isa = PBXFileReference; fileEncoding = 4; lastKnownFileType = sourcecode.c.h; path = NOINetworkingManager.h; sourceTree = "<group>"; };
		7A9D080C181212C5008AAC60 /* NOINetworkingManager.m */ = {isa = PBXFileReference; fileEncoding = 4; lastKnownFileType = sourcecode.c.objc; path = NOINetworkingManager.m; sourceTree = "<group>"; };
		7A9D080F1812152A008AAC60 /* NOITouchView.h */ = {isa = PBXFileReference; fileEncoding = 4; lastKnownFileType = sourcecode.c.h; path = NOITouchView.h; sourceTree = "<group>"; };
		7A9D08101812152A008AAC60 /* NOITouchView.m */ = {isa = PBXFileReference; fileEncoding = 4; lastKnownFileType = sourcecode.c.objc; path = NOITouchView.m; sourceTree = "<group>"; };
		7AD52E40181227A0005E40C2 /* particle.png */ = {isa = PBXFileReference; lastKnownFileType = image.png; path = particle.png; sourceTree = "<group>"; };
		7AD52E421812402C005E40C2 /* NOIUserViewController.h */ = {isa = PBXFileReference; fileEncoding = 4; lastKnownFileType = sourcecode.c.h; path = NOIUserViewController.h; sourceTree = "<group>"; };
		7AD52E431812402C005E40C2 /* NOIUserViewController.m */ = {isa = PBXFileReference; fileEncoding = 4; lastKnownFileType = sourcecode.c.objc; path = NOIUserViewController.m; sourceTree = "<group>"; };
		7AD52E4518124328005E40C2 /* NOIConstants.h */ = {isa = PBXFileReference; lastKnownFileType = sourcecode.c.h; path = NOIConstants.h; sourceTree = "<group>"; };
		7AD52E4618125663005E40C2 /* NOIRemoteSynth.h */ = {isa = PBXFileReference; fileEncoding = 4; lastKnownFileType = sourcecode.c.h; path = NOIRemoteSynth.h; sourceTree = "<group>"; };
		7AD52E4718125663005E40C2 /* NOIRemoteSynth.m */ = {isa = PBXFileReference; fileEncoding = 4; lastKnownFileType = sourcecode.c.objc; path = NOIRemoteSynth.m; sourceTree = "<group>"; };
		7AD52E491812679F005E40C2 /* NOIEmitterView.h */ = {isa = PBXFileReference; fileEncoding = 4; lastKnownFileType = sourcecode.c.h; path = NOIEmitterView.h; sourceTree = "<group>"; };
		7AD52E4A1812679F005E40C2 /* NOIEmitterView.m */ = {isa = PBXFileReference; fileEncoding = 4; lastKnownFileType = sourcecode.c.objc; path = NOIEmitterView.m; sourceTree = "<group>"; };
		C0FE817F20454106B7BD1955 /* libPods.a */ = {isa = PBXFileReference; explicitFileType = archive.ar; includeInIndex = 0; path = libPods.a; sourceTree = BUILT_PRODUCTS_DIR; };
		C9C376C89A3A4BE2B353ECC2 /* Pods.xcconfig */ = {isa = PBXFileReference; includeInIndex = 1; lastKnownFileType = text.xcconfig; name = Pods.xcconfig; path = Pods/Pods.xcconfig; sourceTree = SOURCE_ROOT; };
/* End PBXFileReference section */

/* Begin PBXFrameworksBuildPhase section */
		7A63192C18120FBD000AEB43 /* Frameworks */ = {
			isa = PBXFrameworksBuildPhase;
			buildActionMask = 2147483647;
			files = (
				7A63193518120FBD000AEB43 /* CoreGraphics.framework in Frameworks */,
				7A63193718120FBD000AEB43 /* UIKit.framework in Frameworks */,
				7A63193318120FBD000AEB43 /* Foundation.framework in Frameworks */,
				6BE6F99E581F4CCB911D97F0 /* libPods.a in Frameworks */,
			);
			runOnlyForDeploymentPostprocessing = 0;
		};
		7A63195018120FBD000AEB43 /* Frameworks */ = {
			isa = PBXFrameworksBuildPhase;
			buildActionMask = 2147483647;
			files = (
				7A63195518120FBD000AEB43 /* XCTest.framework in Frameworks */,
				7A63195718120FBD000AEB43 /* UIKit.framework in Frameworks */,
				7A63195618120FBD000AEB43 /* Foundation.framework in Frameworks */,
			);
			runOnlyForDeploymentPostprocessing = 0;
		};
/* End PBXFrameworksBuildPhase section */

/* Begin PBXGroup section */
		7A63192618120FBD000AEB43 = {
			isa = PBXGroup;
			children = (
				7A63193818120FBD000AEB43 /* BUH */,
				7A63195A18120FBD000AEB43 /* BUHTests */,
				7A63193118120FBD000AEB43 /* Frameworks */,
				7A63193018120FBD000AEB43 /* Products */,
				C9C376C89A3A4BE2B353ECC2 /* Pods.xcconfig */,
			);
			sourceTree = "<group>";
		};
		7A63193018120FBD000AEB43 /* Products */ = {
			isa = PBXGroup;
			children = (
				7A63192F18120FBD000AEB43 /* BUH.app */,
				7A63195318120FBD000AEB43 /* BUHTests.xctest */,
			);
			name = Products;
			sourceTree = "<group>";
		};
		7A63193118120FBD000AEB43 /* Frameworks */ = {
			isa = PBXGroup;
			children = (
				7A63193218120FBD000AEB43 /* Foundation.framework */,
				7A63193418120FBD000AEB43 /* CoreGraphics.framework */,
				7A63193618120FBD000AEB43 /* UIKit.framework */,
				7A63195418120FBD000AEB43 /* XCTest.framework */,
				C0FE817F20454106B7BD1955 /* libPods.a */,
			);
			name = Frameworks;
			sourceTree = "<group>";
		};
		7A63193818120FBD000AEB43 /* BUH */ = {
			isa = PBXGroup;
			children = (
				7A63194118120FBD000AEB43 /* NOIAppDelegate.h */,
				7A63194218120FBD000AEB43 /* NOIAppDelegate.m */,
				7A63194418120FBD000AEB43 /* Main_iPhone.storyboard */,
				7A63194718120FBD000AEB43 /* Main_iPad.storyboard */,
				7A63194A18120FBD000AEB43 /* NOIViewController.h */,
				7A63194B18120FBD000AEB43 /* NOIViewController.m */,
				7A63194D18120FBD000AEB43 /* Images.xcassets */,
				7A63193918120FBD000AEB43 /* Supporting Files */,
				7A9D080B181212C5008AAC60 /* NOINetworkingManager.h */,
				7A9D080C181212C5008AAC60 /* NOINetworkingManager.m */,
				7A9D080F1812152A008AAC60 /* NOITouchView.h */,
				7A9D08101812152A008AAC60 /* NOITouchView.m */,
				7AD52E40181227A0005E40C2 /* particle.png */,
				7AD52E421812402C005E40C2 /* NOIUserViewController.h */,
				7AD52E431812402C005E40C2 /* NOIUserViewController.m */,
				7AD52E4518124328005E40C2 /* NOIConstants.h */,
				7AD52E4618125663005E40C2 /* NOIRemoteSynth.h */,
				7AD52E4718125663005E40C2 /* NOIRemoteSynth.m */,
				7AD52E491812679F005E40C2 /* NOIEmitterView.h */,
				7AD52E4A1812679F005E40C2 /* NOIEmitterView.m */,
			);
			path = BUH;
			sourceTree = "<group>";
		};
		7A63193918120FBD000AEB43 /* Supporting Files */ = {
			isa = PBXGroup;
			children = (
				7A63193A18120FBD000AEB43 /* BUH-Info.plist */,
				7A63193B18120FBD000AEB43 /* InfoPlist.strings */,
				7A63193E18120FBD000AEB43 /* main.m */,
				7A63194018120FBD000AEB43 /* BUH-Prefix.pch */,
			);
			name = "Supporting Files";
			sourceTree = "<group>";
		};
		7A63195A18120FBD000AEB43 /* BUHTests */ = {
			isa = PBXGroup;
			children = (
				7A63196018120FBD000AEB43 /* BUHTests.m */,
				7A63195B18120FBD000AEB43 /* Supporting Files */,
			);
			path = BUHTests;
			sourceTree = "<group>";
		};
		7A63195B18120FBD000AEB43 /* Supporting Files */ = {
			isa = PBXGroup;
			children = (
				7A63195C18120FBD000AEB43 /* BUHTests-Info.plist */,
				7A63195D18120FBD000AEB43 /* InfoPlist.strings */,
			);
			name = "Supporting Files";
			sourceTree = "<group>";
		};
/* End PBXGroup section */

/* Begin PBXNativeTarget section */
		7A63192E18120FBD000AEB43 /* BUH */ = {
			isa = PBXNativeTarget;
			buildConfigurationList = 7A63196418120FBD000AEB43 /* Build configuration list for PBXNativeTarget "BUH" */;
			buildPhases = (
				6CE9DAB5F3F748AE93459EAC /* Check Pods Manifest.lock */,
				7A63192B18120FBD000AEB43 /* Sources */,
				7A63192C18120FBD000AEB43 /* Frameworks */,
				7A63192D18120FBD000AEB43 /* Resources */,
				CF63661AB1F74353AC589F10 /* Copy Pods Resources */,
			);
			buildRules = (
			);
			dependencies = (
			);
			name = BUH;
			productName = BUH;
			productReference = 7A63192F18120FBD000AEB43 /* BUH.app */;
			productType = "com.apple.product-type.application";
		};
		7A63195218120FBD000AEB43 /* BUHTests */ = {
			isa = PBXNativeTarget;
			buildConfigurationList = 7A63196718120FBD000AEB43 /* Build configuration list for PBXNativeTarget "BUHTests" */;
			buildPhases = (
				7A63194F18120FBD000AEB43 /* Sources */,
				7A63195018120FBD000AEB43 /* Frameworks */,
				7A63195118120FBD000AEB43 /* Resources */,
			);
			buildRules = (
			);
			dependencies = (
				7A63195918120FBD000AEB43 /* PBXTargetDependency */,
			);
			name = BUHTests;
			productName = BUHTests;
			productReference = 7A63195318120FBD000AEB43 /* BUHTests.xctest */;
			productType = "com.apple.product-type.bundle.unit-test";
		};
/* End PBXNativeTarget section */

/* Begin PBXProject section */
		7A63192718120FBD000AEB43 /* Project object */ = {
			isa = PBXProject;
			attributes = {
				CLASSPREFIX = NOI;
				LastUpgradeCheck = 0500;
				ORGANIZATIONNAME = "John Forester";
				TargetAttributes = {
					7A63192E18120FBD000AEB43 = {
						DevelopmentTeam = H43K39WZPS;
					};
					7A63195218120FBD000AEB43 = {
						TestTargetID = 7A63192E18120FBD000AEB43;
					};
				};
			};
			buildConfigurationList = 7A63192A18120FBD000AEB43 /* Build configuration list for PBXProject "BUH" */;
			compatibilityVersion = "Xcode 3.2";
			developmentRegion = English;
			hasScannedForEncodings = 0;
			knownRegions = (
				en,
				Base,
			);
			mainGroup = 7A63192618120FBD000AEB43;
			productRefGroup = 7A63193018120FBD000AEB43 /* Products */;
			projectDirPath = "";
			projectRoot = "";
			targets = (
				7A63192E18120FBD000AEB43 /* BUH */,
				7A63195218120FBD000AEB43 /* BUHTests */,
			);
		};
/* End PBXProject section */

/* Begin PBXResourcesBuildPhase section */
		7A63192D18120FBD000AEB43 /* Resources */ = {
			isa = PBXResourcesBuildPhase;
			buildActionMask = 2147483647;
			files = (
				7AD52E41181227A0005E40C2 /* particle.png in Resources */,
				7A63194918120FBD000AEB43 /* Main_iPad.storyboard in Resources */,
				7A63194E18120FBD000AEB43 /* Images.xcassets in Resources */,
				7A63194618120FBD000AEB43 /* Main_iPhone.storyboard in Resources */,
				7A63193D18120FBD000AEB43 /* InfoPlist.strings in Resources */,
			);
			runOnlyForDeploymentPostprocessing = 0;
		};
		7A63195118120FBD000AEB43 /* Resources */ = {
			isa = PBXResourcesBuildPhase;
			buildActionMask = 2147483647;
			files = (
				7A63195F18120FBD000AEB43 /* InfoPlist.strings in Resources */,
			);
			runOnlyForDeploymentPostprocessing = 0;
		};
/* End PBXResourcesBuildPhase section */

/* Begin PBXShellScriptBuildPhase section */
		6CE9DAB5F3F748AE93459EAC /* Check Pods Manifest.lock */ = {
			isa = PBXShellScriptBuildPhase;
			buildActionMask = 2147483647;
			files = (
			);
			inputPaths = (
			);
			name = "Check Pods Manifest.lock";
			outputPaths = (
			);
			runOnlyForDeploymentPostprocessing = 0;
			shellPath = /bin/sh;
			shellScript = "diff \"${PODS_ROOT}/../Podfile.lock\" \"${PODS_ROOT}/Manifest.lock\" > /dev/null\nif [[ $? != 0 ]] ; then\n    cat << EOM\nerror: The sanbox is not in sync with the Podfile.lock. Run 'pod install'.\nEOM\n    exit 1\nfi\n";
		};
		CF63661AB1F74353AC589F10 /* Copy Pods Resources */ = {
			isa = PBXShellScriptBuildPhase;
			buildActionMask = 2147483647;
			files = (
			);
			inputPaths = (
			);
			name = "Copy Pods Resources";
			outputPaths = (
			);
			runOnlyForDeploymentPostprocessing = 0;
			shellPath = /bin/sh;
			shellScript = "\"${SRCROOT}/Pods/Pods-resources.sh\"\n";
		};
/* End PBXShellScriptBuildPhase section */

/* Begin PBXSourcesBuildPhase section */
		7A63192B18120FBD000AEB43 /* Sources */ = {
			isa = PBXSourcesBuildPhase;
			buildActionMask = 2147483647;
			files = (
				7A63194C18120FBD000AEB43 /* NOIViewController.m in Sources */,
				7A63193F18120FBD000AEB43 /* main.m in Sources */,
				7AD52E441812402C005E40C2 /* NOIUserViewController.m in Sources */,
				7A9D08111812152A008AAC60 /* NOITouchView.m in Sources */,
				7AD52E4818125663005E40C2 /* NOIRemoteSynth.m in Sources */,
				7A9D080D181212C5008AAC60 /* NOINetworkingManager.m in Sources */,
				7AD52E4B1812679F005E40C2 /* NOIEmitterView.m in Sources */,
				7A63194318120FBD000AEB43 /* NOIAppDelegate.m in Sources */,
			);
			runOnlyForDeploymentPostprocessing = 0;
		};
		7A63194F18120FBD000AEB43 /* Sources */ = {
			isa = PBXSourcesBuildPhase;
			buildActionMask = 2147483647;
			files = (
				7A63196118120FBD000AEB43 /* BUHTests.m in Sources */,
			);
			runOnlyForDeploymentPostprocessing = 0;
		};
/* End PBXSourcesBuildPhase section */

/* Begin PBXTargetDependency section */
		7A63195918120FBD000AEB43 /* PBXTargetDependency */ = {
			isa = PBXTargetDependency;
			target = 7A63192E18120FBD000AEB43 /* BUH */;
			targetProxy = 7A63195818120FBD000AEB43 /* PBXContainerItemProxy */;
		};
/* End PBXTargetDependency section */

/* Begin PBXVariantGroup section */
		7A63193B18120FBD000AEB43 /* InfoPlist.strings */ = {
			isa = PBXVariantGroup;
			children = (
				7A63193C18120FBD000AEB43 /* en */,
			);
			name = InfoPlist.strings;
			sourceTree = "<group>";
		};
		7A63194418120FBD000AEB43 /* Main_iPhone.storyboard */ = {
			isa = PBXVariantGroup;
			children = (
				7A63194518120FBD000AEB43 /* Base */,
			);
			name = Main_iPhone.storyboard;
			sourceTree = "<group>";
		};
		7A63194718120FBD000AEB43 /* Main_iPad.storyboard */ = {
			isa = PBXVariantGroup;
			children = (
				7A63194818120FBD000AEB43 /* Base */,
			);
			name = Main_iPad.storyboard;
			sourceTree = "<group>";
		};
		7A63195D18120FBD000AEB43 /* InfoPlist.strings */ = {
			isa = PBXVariantGroup;
			children = (
				7A63195E18120FBD000AEB43 /* en */,
			);
			name = InfoPlist.strings;
			sourceTree = "<group>";
		};
/* End PBXVariantGroup section */

/* Begin XCBuildConfiguration section */
		7A63196218120FBD000AEB43 /* Debug */ = {
			isa = XCBuildConfiguration;
			buildSettings = {
				ALWAYS_SEARCH_USER_PATHS = NO;
				ARCHS = "$(ARCHS_STANDARD_INCLUDING_64_BIT)";
				CLANG_CXX_LANGUAGE_STANDARD = "gnu++0x";
				CLANG_CXX_LIBRARY = "libc++";
				CLANG_ENABLE_MODULES = YES;
				CLANG_ENABLE_OBJC_ARC = YES;
				CLANG_WARN_BOOL_CONVERSION = YES;
				CLANG_WARN_CONSTANT_CONVERSION = YES;
				CLANG_WARN_DIRECT_OBJC_ISA_USAGE = YES_ERROR;
				CLANG_WARN_EMPTY_BODY = YES;
				CLANG_WARN_ENUM_CONVERSION = YES;
				CLANG_WARN_INT_CONVERSION = YES;
				CLANG_WARN_OBJC_ROOT_CLASS = YES_ERROR;
				CLANG_WARN__DUPLICATE_METHOD_MATCH = YES;
				"CODE_SIGN_IDENTITY[sdk=iphoneos*]" = "iPhone Developer";
				COPY_PHASE_STRIP = NO;
				GCC_C_LANGUAGE_STANDARD = gnu99;
				GCC_DYNAMIC_NO_PIC = NO;
				GCC_OPTIMIZATION_LEVEL = 0;
				GCC_PREPROCESSOR_DEFINITIONS = (
					"DEBUG=1",
					"$(inherited)",
				);
				GCC_SYMBOLS_PRIVATE_EXTERN = NO;
				GCC_WARN_64_TO_32_BIT_CONVERSION = YES;
				GCC_WARN_ABOUT_RETURN_TYPE = YES_ERROR;
				GCC_WARN_UNDECLARED_SELECTOR = YES;
				GCC_WARN_UNINITIALIZED_AUTOS = YES;
				GCC_WARN_UNUSED_FUNCTION = YES;
				GCC_WARN_UNUSED_VARIABLE = YES;
				IPHONEOS_DEPLOYMENT_TARGET = 7.0;
				ONLY_ACTIVE_ARCH = YES;
				SDKROOT = iphoneos;
				TARGETED_DEVICE_FAMILY = "1,2";
			};
			name = Debug;
		};
		7A63196318120FBD000AEB43 /* Release */ = {
			isa = XCBuildConfiguration;
			buildSettings = {
				ALWAYS_SEARCH_USER_PATHS = NO;
				ARCHS = "$(ARCHS_STANDARD_INCLUDING_64_BIT)";
				CLANG_CXX_LANGUAGE_STANDARD = "gnu++0x";
				CLANG_CXX_LIBRARY = "libc++";
				CLANG_ENABLE_MODULES = YES;
				CLANG_ENABLE_OBJC_ARC = YES;
				CLANG_WARN_BOOL_CONVERSION = YES;
				CLANG_WARN_CONSTANT_CONVERSION = YES;
				CLANG_WARN_DIRECT_OBJC_ISA_USAGE = YES_ERROR;
				CLANG_WARN_EMPTY_BODY = YES;
				CLANG_WARN_ENUM_CONVERSION = YES;
				CLANG_WARN_INT_CONVERSION = YES;
				CLANG_WARN_OBJC_ROOT_CLASS = YES_ERROR;
				CLANG_WARN__DUPLICATE_METHOD_MATCH = YES;
				"CODE_SIGN_IDENTITY[sdk=iphoneos*]" = "iPhone Developer";
				COPY_PHASE_STRIP = YES;
				ENABLE_NS_ASSERTIONS = NO;
				GCC_C_LANGUAGE_STANDARD = gnu99;
				GCC_WARN_64_TO_32_BIT_CONVERSION = YES;
				GCC_WARN_ABOUT_RETURN_TYPE = YES_ERROR;
				GCC_WARN_UNDECLARED_SELECTOR = YES;
				GCC_WARN_UNINITIALIZED_AUTOS = YES;
				GCC_WARN_UNUSED_FUNCTION = YES;
				GCC_WARN_UNUSED_VARIABLE = YES;
				IPHONEOS_DEPLOYMENT_TARGET = 7.0;
				SDKROOT = iphoneos;
				TARGETED_DEVICE_FAMILY = "1,2";
				VALIDATE_PRODUCT = YES;
			};
			name = Release;
		};
		7A63196518120FBD000AEB43 /* Debug */ = {
			isa = XCBuildConfiguration;
			baseConfigurationReference = C9C376C89A3A4BE2B353ECC2 /* Pods.xcconfig */;
			buildSettings = {
				ASSETCATALOG_COMPILER_APPICON_NAME = AppIcon;
				ASSETCATALOG_COMPILER_LAUNCHIMAGE_NAME = LaunchImage;
				CODE_SIGN_IDENTITY = "iPhone Developer";
				"CODE_SIGN_IDENTITY[sdk=iphoneos*]" = "iPhone Developer";
				GCC_PRECOMPILE_PREFIX_HEADER = YES;
				GCC_PREFIX_HEADER = "BUH/BUH-Prefix.pch";
				INFOPLIST_FILE = "BUH/BUH-Info.plist";
				PRODUCT_NAME = "$(TARGET_NAME)";
				PROVISIONING_PROFILE = "";
				WRAPPER_EXTENSION = app;
			};
			name = Debug;
		};
		7A63196618120FBD000AEB43 /* Release */ = {
			isa = XCBuildConfiguration;
			baseConfigurationReference = C9C376C89A3A4BE2B353ECC2 /* Pods.xcconfig */;
			buildSettings = {
				ASSETCATALOG_COMPILER_APPICON_NAME = AppIcon;
				ASSETCATALOG_COMPILER_LAUNCHIMAGE_NAME = LaunchImage;
				CODE_SIGN_IDENTITY = "iPhone Developer";
				"CODE_SIGN_IDENTITY[sdk=iphoneos*]" = "iPhone Developer";
				GCC_PRECOMPILE_PREFIX_HEADER = YES;
				GCC_PREFIX_HEADER = "BUH/BUH-Prefix.pch";
				INFOPLIST_FILE = "BUH/BUH-Info.plist";
				PRODUCT_NAME = "$(TARGET_NAME)";
				PROVISIONING_PROFILE = "";
				WRAPPER_EXTENSION = app;
			};
			name = Release;
		};
		7A63196818120FBD000AEB43 /* Debug */ = {
			isa = XCBuildConfiguration;
			buildSettings = {
				ARCHS = "$(ARCHS_STANDARD_INCLUDING_64_BIT)";
				BUNDLE_LOADER = "$(BUILT_PRODUCTS_DIR)/BUH.app/BUH";
				FRAMEWORK_SEARCH_PATHS = (
					"$(SDKROOT)/Developer/Library/Frameworks",
					"$(inherited)",
					"$(DEVELOPER_FRAMEWORKS_DIR)",
				);
				GCC_PRECOMPILE_PREFIX_HEADER = YES;
				GCC_PREFIX_HEADER = "BUH/BUH-Prefix.pch";
				GCC_PREPROCESSOR_DEFINITIONS = (
					"DEBUG=1",
					"$(inherited)",
				);
				INFOPLIST_FILE = "BUHTests/BUHTests-Info.plist";
				PRODUCT_NAME = "$(TARGET_NAME)";
				TEST_HOST = "$(BUNDLE_LOADER)";
				WRAPPER_EXTENSION = xctest;
			};
			name = Debug;
		};
		7A63196918120FBD000AEB43 /* Release */ = {
			isa = XCBuildConfiguration;
			buildSettings = {
				ARCHS = "$(ARCHS_STANDARD_INCLUDING_64_BIT)";
				BUNDLE_LOADER = "$(BUILT_PRODUCTS_DIR)/BUH.app/BUH";
				FRAMEWORK_SEARCH_PATHS = (
					"$(SDKROOT)/Developer/Library/Frameworks",
					"$(inherited)",
					"$(DEVELOPER_FRAMEWORKS_DIR)",
				);
				GCC_PRECOMPILE_PREFIX_HEADER = YES;
				GCC_PREFIX_HEADER = "BUH/BUH-Prefix.pch";
				INFOPLIST_FILE = "BUHTests/BUHTests-Info.plist";
				PRODUCT_NAME = "$(TARGET_NAME)";
				TEST_HOST = "$(BUNDLE_LOADER)";
				WRAPPER_EXTENSION = xctest;
			};
			name = Release;
		};
/* End XCBuildConfiguration section */

/* Begin XCConfigurationList section */
		7A63192A18120FBD000AEB43 /* Build configuration list for PBXProject "BUH" */ = {
			isa = XCConfigurationList;
			buildConfigurations = (
				7A63196218120FBD000AEB43 /* Debug */,
				7A63196318120FBD000AEB43 /* Release */,
			);
			defaultConfigurationIsVisible = 0;
			defaultConfigurationName = Release;
		};
		7A63196418120FBD000AEB43 /* Build configuration list for PBXNativeTarget "BUH" */ = {
			isa = XCConfigurationList;
			buildConfigurations = (
				7A63196518120FBD000AEB43 /* Debug */,
				7A63196618120FBD000AEB43 /* Release */,
			);
			defaultConfigurationIsVisible = 0;
			defaultConfigurationName = Release;
		};
		7A63196718120FBD000AEB43 /* Build configuration list for PBXNativeTarget "BUHTests" */ = {
			isa = XCConfigurationList;
			buildConfigurations = (
				7A63196818120FBD000AEB43 /* Debug */,
				7A63196918120FBD000AEB43 /* Release */,
			);
			defaultConfigurationIsVisible = 0;
			defaultConfigurationName = Release;
		};
/* End XCConfigurationList section */
	};
	rootObject = 7A63192718120FBD000AEB43 /* Project object */;
}
